
Microsoft Visual Studio Solution File, Format Version 12.00
# Visual Studio Version 16
VisualStudioVersion = 16.0.29025.244
MinimumVisualStudioVersion = 10.0.40219.1
Project("{FAE04EC0-301F-11D3-BF4B-00C04F79EFBC}") = "modulo5", "modulo5\modulo5.csproj", "{EA6A7C47-3550-412F-9084-D940F0EF4CFF}"
EndProject
Global
	GlobalSection(SolutionConfigurationPlatforms) = preSolution
		Debug|Any CPU = Debug|Any CPU
		Release|Any CPU = Release|Any CPU
	EndGlobalSection
	GlobalSection(ProjectConfigurationPlatforms) = postSolution
		{EA6A7C47-3550-412F-9084-D940F0EF4CFF}.Debug|Any CPU.ActiveCfg = Debug|Any CPU
		{EA6A7C47-3550-412F-9084-D940F0EF4CFF}.Debug|Any CPU.Build.0 = Debug|Any CPU
		{EA6A7C47-3550-412F-9084-D940F0EF4CFF}.Release|Any CPU.ActiveCfg = Release|Any CPU
		{EA6A7C47-3550-412F-9084-D940F0EF4CFF}.Release|Any CPU.Build.0 = Release|Any CPU
	EndGlobalSection
	GlobalSection(SolutionProperties) = preSolution
		HideSolutionNode = FALSE
	EndGlobalSection
	GlobalSection(ExtensibilityGlobals) = postSolution
		SolutionGuid = {8BB96C53-0129-4535-9EA5-46F2A1721C32}
	EndGlobalSection
EndGlobal
