
Microsoft Visual Studio Solution File, Format Version 12.00
# Visual Studio Version 16
VisualStudioVersion = 16.0.29025.244
MinimumVisualStudioVersion = 10.0.40219.1
Project("{FAE04EC0-301F-11D3-BF4B-00C04F79EFBC}") = "modulo9", "modulo9\modulo9.csproj", "{E4FF65F9-BAC4-469E-96CA-B92AC986F2C5}"
EndProject
Global
	GlobalSection(SolutionConfigurationPlatforms) = preSolution
		Debug|Any CPU = Debug|Any CPU
		Release|Any CPU = Release|Any CPU
	EndGlobalSection
	GlobalSection(ProjectConfigurationPlatforms) = postSolution
		{E4FF65F9-BAC4-469E-96CA-B92AC986F2C5}.Debug|Any CPU.ActiveCfg = Debug|Any CPU
		{E4FF65F9-BAC4-469E-96CA-B92AC986F2C5}.Debug|Any CPU.Build.0 = Debug|Any CPU
		{E4FF65F9-BAC4-469E-96CA-B92AC986F2C5}.Release|Any CPU.ActiveCfg = Release|Any CPU
		{E4FF65F9-BAC4-469E-96CA-B92AC986F2C5}.Release|Any CPU.Build.0 = Release|Any CPU
	EndGlobalSection
	GlobalSection(SolutionProperties) = preSolution
		HideSolutionNode = FALSE
	EndGlobalSection
	GlobalSection(ExtensibilityGlobals) = postSolution
		SolutionGuid = {35FE0D53-9D0F-4825-B3F8-7FBBFE42C751}
	EndGlobalSection
EndGlobal
